
Microsoft Visual Studio Solution File, Format Version 12.00
# Visual Studio Version 17
VisualStudioVersion = 17.9.34728.123
MinimumVisualStudioVersion = 10.0.40219.1
Project("{FAE04EC0-301F-11D3-BF4B-00C04F79EFBC}") = "Chart", "Chart\Chart.csproj", "{3BD2FDDC-29FE-4E51-914C-2BDEB20A4BD6}"
EndProject
Global
	GlobalSection(SolutionConfigurationPlatforms) = preSolution
		Debug|Any CPU = Debug|Any CPU
		Release|Any CPU = Release|Any CPU
	EndGlobalSection
	GlobalSection(ProjectConfigurationPlatforms) = postSolution
		{3BD2FDDC-29FE-4E51-914C-2BDEB20A4BD6}.Debug|Any CPU.ActiveCfg = Debug|Any CPU
		{3BD2FDDC-29FE-4E51-914C-2BDEB20A4BD6}.Debug|Any CPU.Build.0 = Debug|Any CPU
		{3BD2FDDC-29FE-4E51-914C-2BDEB20A4BD6}.Release|Any CPU.ActiveCfg = Release|Any CPU
		{3BD2FDDC-29FE-4E51-914C-2BDEB20A4BD6}.Release|Any CPU.Build.0 = Release|Any CPU
	EndGlobalSection
	GlobalSection(SolutionProperties) = preSolution
		HideSolutionNode = FALSE
	EndGlobalSection
	GlobalSection(ExtensibilityGlobals) = postSolution
		SolutionGuid = {4B2A9B3E-06D0-4545-B415-2D1341843850}
	EndGlobalSection
EndGlobal
