
Microsoft Visual Studio Solution File, Format Version 12.00
# Visual Studio Version 17
VisualStudioVersion = 17.9.34728.123
MinimumVisualStudioVersion = 10.0.40219.1
Project("{FAE04EC0-301F-11D3-BF4B-00C04F79EFBC}") = "SavingTextDocument", "SavingTextDocument\SavingTextDocument.csproj", "{B05DD0A6-D711-493C-A787-FFA0F8F7E01C}"
EndProject
Global
	GlobalSection(SolutionConfigurationPlatforms) = preSolution
		Debug|Any CPU = Debug|Any CPU
		Release|Any CPU = Release|Any CPU
	EndGlobalSection
	GlobalSection(ProjectConfigurationPlatforms) = postSolution
		{B05DD0A6-D711-493C-A787-FFA0F8F7E01C}.Debug|Any CPU.ActiveCfg = Debug|Any CPU
		{B05DD0A6-D711-493C-A787-FFA0F8F7E01C}.Debug|Any CPU.Build.0 = Debug|Any CPU
		{B05DD0A6-D711-493C-A787-FFA0F8F7E01C}.Release|Any CPU.ActiveCfg = Release|Any CPU
		{B05DD0A6-D711-493C-A787-FFA0F8F7E01C}.Release|Any CPU.Build.0 = Release|Any CPU
	EndGlobalSection
	GlobalSection(SolutionProperties) = preSolution
		HideSolutionNode = FALSE
	EndGlobalSection
	GlobalSection(ExtensibilityGlobals) = postSolution
		SolutionGuid = {7AA05481-0A15-4325-AA1D-26915A45F427}
	EndGlobalSection
EndGlobal
