
Microsoft Visual Studio Solution File, Format Version 12.00
# Visual Studio Version 17
VisualStudioVersion = 17.9.34728.123
MinimumVisualStudioVersion = 10.0.40219.1
Project("{FAE04EC0-301F-11D3-BF4B-00C04F79EFBC}") = "InsideofEnum", "InsideofEnum\InsideofEnum.csproj", "{C8D38BC9-2B12-4366-AAA2-841C194DFFE2}"
EndProject
Global
	GlobalSection(SolutionConfigurationPlatforms) = preSolution
		Debug|Any CPU = Debug|Any CPU
		Release|Any CPU = Release|Any CPU
	EndGlobalSection
	GlobalSection(ProjectConfigurationPlatforms) = postSolution
		{C8D38BC9-2B12-4366-AAA2-841C194DFFE2}.Debug|Any CPU.ActiveCfg = Debug|Any CPU
		{C8D38BC9-2B12-4366-AAA2-841C194DFFE2}.Debug|Any CPU.Build.0 = Debug|Any CPU
		{C8D38BC9-2B12-4366-AAA2-841C194DFFE2}.Release|Any CPU.ActiveCfg = Release|Any CPU
		{C8D38BC9-2B12-4366-AAA2-841C194DFFE2}.Release|Any CPU.Build.0 = Release|Any CPU
	EndGlobalSection
	GlobalSection(SolutionProperties) = preSolution
		HideSolutionNode = FALSE
	EndGlobalSection
	GlobalSection(ExtensibilityGlobals) = postSolution
		SolutionGuid = {B353396D-93F7-43AE-81E5-68E7236C7023}
	EndGlobalSection
EndGlobal
