
Microsoft Visual Studio Solution File, Format Version 12.00
# Visual Studio Version 17
VisualStudioVersion = 17.9.34728.123
MinimumVisualStudioVersion = 10.0.40219.1
Project("{FAE04EC0-301F-11D3-BF4B-00C04F79EFBC}") = "Loops1", "Loops1\Loops1.csproj", "{E65AF203-9693-424B-8EF3-6FAC8C69C2FA}"
EndProject
Global
	GlobalSection(SolutionConfigurationPlatforms) = preSolution
		Debug|Any CPU = Debug|Any CPU
		Release|Any CPU = Release|Any CPU
	EndGlobalSection
	GlobalSection(ProjectConfigurationPlatforms) = postSolution
		{E65AF203-9693-424B-8EF3-6FAC8C69C2FA}.Debug|Any CPU.ActiveCfg = Debug|Any CPU
		{E65AF203-9693-424B-8EF3-6FAC8C69C2FA}.Debug|Any CPU.Build.0 = Debug|Any CPU
		{E65AF203-9693-424B-8EF3-6FAC8C69C2FA}.Release|Any CPU.ActiveCfg = Release|Any CPU
		{E65AF203-9693-424B-8EF3-6FAC8C69C2FA}.Release|Any CPU.Build.0 = Release|Any CPU
	EndGlobalSection
	GlobalSection(SolutionProperties) = preSolution
		HideSolutionNode = FALSE
	EndGlobalSection
	GlobalSection(ExtensibilityGlobals) = postSolution
		SolutionGuid = {4E64849B-5356-453D-B751-168EF11DB1BC}
	EndGlobalSection
EndGlobal
