
Microsoft Visual Studio Solution File, Format Version 12.00
# Visual Studio Version 17
VisualStudioVersion = 17.9.34728.123
MinimumVisualStudioVersion = 10.0.40219.1
Project("{FAE04EC0-301F-11D3-BF4B-00C04F79EFBC}") = "UsingTimer2", "UsingTimer2\UsingTimer2.csproj", "{8C580922-6999-4DBB-96A1-E3AD4788705E}"
EndProject
Global
	GlobalSection(SolutionConfigurationPlatforms) = preSolution
		Debug|Any CPU = Debug|Any CPU
		Release|Any CPU = Release|Any CPU
	EndGlobalSection
	GlobalSection(ProjectConfigurationPlatforms) = postSolution
		{8C580922-6999-4DBB-96A1-E3AD4788705E}.Debug|Any CPU.ActiveCfg = Debug|Any CPU
		{8C580922-6999-4DBB-96A1-E3AD4788705E}.Debug|Any CPU.Build.0 = Debug|Any CPU
		{8C580922-6999-4DBB-96A1-E3AD4788705E}.Release|Any CPU.ActiveCfg = Release|Any CPU
		{8C580922-6999-4DBB-96A1-E3AD4788705E}.Release|Any CPU.Build.0 = Release|Any CPU
	EndGlobalSection
	GlobalSection(SolutionProperties) = preSolution
		HideSolutionNode = FALSE
	EndGlobalSection
	GlobalSection(ExtensibilityGlobals) = postSolution
		SolutionGuid = {82D6EBF5-4197-4010-9300-5C5D081F0EAB}
	EndGlobalSection
EndGlobal
