
Microsoft Visual Studio Solution File, Format Version 12.00
# Visual Studio Version 17
VisualStudioVersion = 17.9.34728.123
MinimumVisualStudioVersion = 10.0.40219.1
Project("{FAE04EC0-301F-11D3-BF4B-00C04F79EFBC}") = "LoopsWithTimer", "LoopsWithTimer\LoopsWithTimer.csproj", "{A3B76C25-820A-4382-8D47-025D0DC69970}"
EndProject
Global
	GlobalSection(SolutionConfigurationPlatforms) = preSolution
		Debug|Any CPU = Debug|Any CPU
		Release|Any CPU = Release|Any CPU
	EndGlobalSection
	GlobalSection(ProjectConfigurationPlatforms) = postSolution
		{A3B76C25-820A-4382-8D47-025D0DC69970}.Debug|Any CPU.ActiveCfg = Debug|Any CPU
		{A3B76C25-820A-4382-8D47-025D0DC69970}.Debug|Any CPU.Build.0 = Debug|Any CPU
		{A3B76C25-820A-4382-8D47-025D0DC69970}.Release|Any CPU.ActiveCfg = Release|Any CPU
		{A3B76C25-820A-4382-8D47-025D0DC69970}.Release|Any CPU.Build.0 = Release|Any CPU
	EndGlobalSection
	GlobalSection(SolutionProperties) = preSolution
		HideSolutionNode = FALSE
	EndGlobalSection
	GlobalSection(ExtensibilityGlobals) = postSolution
		SolutionGuid = {5434F28E-3D30-4A1C-A3ED-E4A600B2D90C}
	EndGlobalSection
EndGlobal
