
Microsoft Visual Studio Solution File, Format Version 12.00
# Visual Studio Version 17
VisualStudioVersion = 17.9.34728.123
MinimumVisualStudioVersion = 10.0.40219.1
Project("{FAE04EC0-301F-11D3-BF4B-00C04F79EFBC}") = "Arrays", "Arrays\Arrays.csproj", "{EA007817-5C4A-4895-887B-C9F23DA07C24}"
EndProject
Global
	GlobalSection(SolutionConfigurationPlatforms) = preSolution
		Debug|Any CPU = Debug|Any CPU
		Release|Any CPU = Release|Any CPU
	EndGlobalSection
	GlobalSection(ProjectConfigurationPlatforms) = postSolution
		{EA007817-5C4A-4895-887B-C9F23DA07C24}.Debug|Any CPU.ActiveCfg = Debug|Any CPU
		{EA007817-5C4A-4895-887B-C9F23DA07C24}.Debug|Any CPU.Build.0 = Debug|Any CPU
		{EA007817-5C4A-4895-887B-C9F23DA07C24}.Release|Any CPU.ActiveCfg = Release|Any CPU
		{EA007817-5C4A-4895-887B-C9F23DA07C24}.Release|Any CPU.Build.0 = Release|Any CPU
	EndGlobalSection
	GlobalSection(SolutionProperties) = preSolution
		HideSolutionNode = FALSE
	EndGlobalSection
	GlobalSection(ExtensibilityGlobals) = postSolution
		SolutionGuid = {B5E5255D-652D-4134-B450-F29CE2E436B3}
	EndGlobalSection
EndGlobal
