
Microsoft Visual Studio Solution File, Format Version 12.00
# Visual Studio Version 17
VisualStudioVersion = 17.9.34728.123
MinimumVisualStudioVersion = 10.0.40219.1
Project("{FAE04EC0-301F-11D3-BF4B-00C04F79EFBC}") = "ContextMenuStrip", "ContextMenuStrip\ContextMenuStrip.csproj", "{0DC43D63-5CAB-440F-B6B2-06AD4DBFA815}"
EndProject
Global
	GlobalSection(SolutionConfigurationPlatforms) = preSolution
		Debug|Any CPU = Debug|Any CPU
		Release|Any CPU = Release|Any CPU
	EndGlobalSection
	GlobalSection(ProjectConfigurationPlatforms) = postSolution
		{0DC43D63-5CAB-440F-B6B2-06AD4DBFA815}.Debug|Any CPU.ActiveCfg = Debug|Any CPU
		{0DC43D63-5CAB-440F-B6B2-06AD4DBFA815}.Debug|Any CPU.Build.0 = Debug|Any CPU
		{0DC43D63-5CAB-440F-B6B2-06AD4DBFA815}.Release|Any CPU.ActiveCfg = Release|Any CPU
		{0DC43D63-5CAB-440F-B6B2-06AD4DBFA815}.Release|Any CPU.Build.0 = Release|Any CPU
	EndGlobalSection
	GlobalSection(SolutionProperties) = preSolution
		HideSolutionNode = FALSE
	EndGlobalSection
	GlobalSection(ExtensibilityGlobals) = postSolution
		SolutionGuid = {AF11CACD-FBA6-4717-B793-AF802F37F737}
	EndGlobalSection
EndGlobal
