
Microsoft Visual Studio Solution File, Format Version 12.00
# Visual Studio Version 17
VisualStudioVersion = 17.9.34728.123
MinimumVisualStudioVersion = 10.0.40219.1
Project("{FAE04EC0-301F-11D3-BF4B-00C04F79EFBC}") = "Using Tools", "Using Tools\Using Tools.csproj", "{1694DD21-0C39-4E09-8D49-5123C2449C3B}"
EndProject
Global
	GlobalSection(SolutionConfigurationPlatforms) = preSolution
		Debug|Any CPU = Debug|Any CPU
		Release|Any CPU = Release|Any CPU
	EndGlobalSection
	GlobalSection(ProjectConfigurationPlatforms) = postSolution
		{1694DD21-0C39-4E09-8D49-5123C2449C3B}.Debug|Any CPU.ActiveCfg = Debug|Any CPU
		{1694DD21-0C39-4E09-8D49-5123C2449C3B}.Debug|Any CPU.Build.0 = Debug|Any CPU
		{1694DD21-0C39-4E09-8D49-5123C2449C3B}.Release|Any CPU.ActiveCfg = Release|Any CPU
		{1694DD21-0C39-4E09-8D49-5123C2449C3B}.Release|Any CPU.Build.0 = Release|Any CPU
	EndGlobalSection
	GlobalSection(SolutionProperties) = preSolution
		HideSolutionNode = FALSE
	EndGlobalSection
	GlobalSection(ExtensibilityGlobals) = postSolution
		SolutionGuid = {D52F102F-00BF-45DF-986A-9C616FCD8529}
	EndGlobalSection
EndGlobal
