
Microsoft Visual Studio Solution File, Format Version 12.00
# Visual Studio Version 17
VisualStudioVersion = 17.9.34728.123
MinimumVisualStudioVersion = 10.0.40219.1
Project("{FAE04EC0-301F-11D3-BF4B-00C04F79EFBC}") = "ClassTruing", "ClassTruing\ClassTruing.csproj", "{893C8D18-3A28-4AF8-9A80-0332BC3469CE}"
EndProject
Global
	GlobalSection(SolutionConfigurationPlatforms) = preSolution
		Debug|Any CPU = Debug|Any CPU
		Release|Any CPU = Release|Any CPU
	EndGlobalSection
	GlobalSection(ProjectConfigurationPlatforms) = postSolution
		{893C8D18-3A28-4AF8-9A80-0332BC3469CE}.Debug|Any CPU.ActiveCfg = Debug|Any CPU
		{893C8D18-3A28-4AF8-9A80-0332BC3469CE}.Debug|Any CPU.Build.0 = Debug|Any CPU
		{893C8D18-3A28-4AF8-9A80-0332BC3469CE}.Release|Any CPU.ActiveCfg = Release|Any CPU
		{893C8D18-3A28-4AF8-9A80-0332BC3469CE}.Release|Any CPU.Build.0 = Release|Any CPU
	EndGlobalSection
	GlobalSection(SolutionProperties) = preSolution
		HideSolutionNode = FALSE
	EndGlobalSection
	GlobalSection(ExtensibilityGlobals) = postSolution
		SolutionGuid = {2A9BF0C7-B2CF-4AB6-A238-A25F914C592D}
	EndGlobalSection
EndGlobal
