
Microsoft Visual Studio Solution File, Format Version 12.00
# Visual Studio Version 17
VisualStudioVersion = 17.9.34728.123
MinimumVisualStudioVersion = 10.0.40219.1
Project("{FAE04EC0-301F-11D3-BF4B-00C04F79EFBC}") = "UsingTimer", "UsingTimer\UsingTimer.csproj", "{E7FD8C74-7FC3-4261-AC2E-037382F3D4BB}"
EndProject
Global
	GlobalSection(SolutionConfigurationPlatforms) = preSolution
		Debug|Any CPU = Debug|Any CPU
		Release|Any CPU = Release|Any CPU
	EndGlobalSection
	GlobalSection(ProjectConfigurationPlatforms) = postSolution
		{E7FD8C74-7FC3-4261-AC2E-037382F3D4BB}.Debug|Any CPU.ActiveCfg = Debug|Any CPU
		{E7FD8C74-7FC3-4261-AC2E-037382F3D4BB}.Debug|Any CPU.Build.0 = Debug|Any CPU
		{E7FD8C74-7FC3-4261-AC2E-037382F3D4BB}.Release|Any CPU.ActiveCfg = Release|Any CPU
		{E7FD8C74-7FC3-4261-AC2E-037382F3D4BB}.Release|Any CPU.Build.0 = Release|Any CPU
	EndGlobalSection
	GlobalSection(SolutionProperties) = preSolution
		HideSolutionNode = FALSE
	EndGlobalSection
	GlobalSection(ExtensibilityGlobals) = postSolution
		SolutionGuid = {E430E490-E7EE-48F3-B6A4-7F905420E2E3}
	EndGlobalSection
EndGlobal
