
Microsoft Visual Studio Solution File, Format Version 12.00
# Visual Studio Version 17
VisualStudioVersion = 17.9.34728.123
MinimumVisualStudioVersion = 10.0.40219.1
Project("{FAE04EC0-301F-11D3-BF4B-00C04F79EFBC}") = "LoopsComplicated", "LoopsComplicated\LoopsComplicated.csproj", "{444738A7-5261-478A-B8FC-0BA3F76B614A}"
EndProject
Global
	GlobalSection(SolutionConfigurationPlatforms) = preSolution
		Debug|Any CPU = Debug|Any CPU
		Release|Any CPU = Release|Any CPU
	EndGlobalSection
	GlobalSection(ProjectConfigurationPlatforms) = postSolution
		{444738A7-5261-478A-B8FC-0BA3F76B614A}.Debug|Any CPU.ActiveCfg = Debug|Any CPU
		{444738A7-5261-478A-B8FC-0BA3F76B614A}.Debug|Any CPU.Build.0 = Debug|Any CPU
		{444738A7-5261-478A-B8FC-0BA3F76B614A}.Release|Any CPU.ActiveCfg = Release|Any CPU
		{444738A7-5261-478A-B8FC-0BA3F76B614A}.Release|Any CPU.Build.0 = Release|Any CPU
	EndGlobalSection
	GlobalSection(SolutionProperties) = preSolution
		HideSolutionNode = FALSE
	EndGlobalSection
	GlobalSection(ExtensibilityGlobals) = postSolution
		SolutionGuid = {6A4FDFF3-1DD6-4BD4-9A30-C733651DA54D}
	EndGlobalSection
EndGlobal
